// !$*UTF8*$!
{
	archiveVersion = 1;
	classes = {
	};
	objectVersion = 46;
	objects = {

/* Begin PBXBuildFile section */
		F13A9B5A1B54DB3400582726 /* main.m in Sources */ = {isa = PBXBuildFile; fileRef = F13A9B591B54DB3400582726 /* main.m */; };
		F13A9B5D1B54DB3400582726 /* AppDelegate.m in Sources */ = {isa = PBXBuildFile; fileRef = F13A9B5C1B54DB3400582726 /* AppDelegate.m */; };
		F13A9B631B54DB3400582726 /* Main.storyboard in Resources */ = {isa = PBXBuildFile; fileRef = F13A9B611B54DB3400582726 /* Main.storyboard */; };
		F13A9B651B54DB3500582726 /* Images.xcassets in Resources */ = {isa = PBXBuildFile; fileRef = F13A9B641B54DB3500582726 /* Images.xcassets */; };
		F13A9B681B54DB3500582726 /* LaunchScreen.xib in Resources */ = {isa = PBXBuildFile; fileRef = F13A9B661B54DB3500582726 /* LaunchScreen.xib */; };
		F13A9B741B54DB3500582726 /* smule_2d_tableviewTests.m in Sources */ = {isa = PBXBuildFile; fileRef = F13A9B731B54DB3500582726 /* smule_2d_tableviewTests.m */; };
		F13A9B7F1B54DB8F00582726 /* TwoDTableView.m in Sources */ = {isa = PBXBuildFile; fileRef = F13A9B7E1B54DB8F00582726 /* TwoDTableView.m */; };
/* End PBXBuildFile section */

/* Begin PBXContainerItemProxy section */
		F13A9B6E1B54DB3500582726 /* PBXContainerItemProxy */ = {
			isa = PBXContainerItemProxy;
			containerPortal = F13A9B4C1B54DB3400582726 /* Project object */;
			proxyType = 1;
			remoteGlobalIDString = F13A9B531B54DB3400582726;
			remoteInfo = "smule-2d-tableview";
		};
/* End PBXContainerItemProxy section */

/* Begin PBXFileReference section */
		F13A9B541B54DB3400582726 /* smule-2d-tableview.app */ = {isa = PBXFileReference; explicitFileType = wrapper.application; includeInIndex = 0; path = "smule-2d-tableview.app"; sourceTree = BUILT_PRODUCTS_DIR; };
		F13A9B581B54DB3400582726 /* Info.plist */ = {isa = PBXFileReference; lastKnownFileType = text.plist.xml; path = Info.plist; sourceTree = "<group>"; };
		F13A9B591B54DB3400582726 /* main.m */ = {isa = PBXFileReference; lastKnownFileType = sourcecode.c.objc; path = main.m; sourceTree = "<group>"; };
		F13A9B5B1B54DB3400582726 /* AppDelegate.h */ = {isa = PBXFileReference; lastKnownFileType = sourcecode.c.h; path = AppDelegate.h; sourceTree = "<group>"; };
		F13A9B5C1B54DB3400582726 /* AppDelegate.m */ = {isa = PBXFileReference; lastKnownFileType = sourcecode.c.objc; path = AppDelegate.m; sourceTree = "<group>"; };
		F13A9B621B54DB3400582726 /* Base */ = {isa = PBXFileReference; lastKnownFileType = file.storyboard; name = Base; path = Base.lproj/Main.storyboard; sourceTree = "<group>"; };
		F13A9B641B54DB3500582726 /* Images.xcassets */ = {isa = PBXFileReference; lastKnownFileType = folder.assetcatalog; path = Images.xcassets; sourceTree = "<group>"; };
		F13A9B671B54DB3500582726 /* Base */ = {isa = PBXFileReference; lastKnownFileType = file.xib; name = Base; path = Base.lproj/LaunchScreen.xib; sourceTree = "<group>"; };
		F13A9B6D1B54DB3500582726 /* smule-2d-tableviewTests.xctest */ = {isa = PBXFileReference; explicitFileType = wrapper.cfbundle; includeInIndex = 0; path = "smule-2d-tableviewTests.xctest"; sourceTree = BUILT_PRODUCTS_DIR; };
		F13A9B721B54DB3500582726 /* Info.plist */ = {isa = PBXFileReference; lastKnownFileType = text.plist.xml; path = Info.plist; sourceTree = "<group>"; };
		F13A9B731B54DB3500582726 /* smule_2d_tableviewTests.m */ = {isa = PBXFileReference; lastKnownFileType = sourcecode.c.objc; path = smule_2d_tableviewTests.m; sourceTree = "<group>"; };
		F13A9B7D1B54DB8F00582726 /* TwoDTableView.h */ = {isa = PBXFileReference; fileEncoding = 4; lastKnownFileType = sourcecode.c.h; path = TwoDTableView.h; sourceTree = "<group>"; };
		F13A9B7E1B54DB8F00582726 /* TwoDTableView.m */ = {isa = PBXFileReference; fileEncoding = 4; lastKnownFileType = sourcecode.c.objc; path = TwoDTableView.m; sourceTree = "<group>"; };
/* End PBXFileReference section */

/* Begin PBXFrameworksBuildPhase section */
		F13A9B511B54DB3400582726 /* Frameworks */ = {
			isa = PBXFrameworksBuildPhase;
			buildActionMask = 2147483647;
			files = (
			);
			runOnlyForDeploymentPostprocessing = 0;
		};
		F13A9B6A1B54DB3500582726 /* Frameworks */ = {
			isa = PBXFrameworksBuildPhase;
			buildActionMask = 2147483647;
			files = (
			);
			runOnlyForDeploymentPostprocessing = 0;
		};
/* End PBXFrameworksBuildPhase section */

/* Begin PBXGroup section */
		F13A9B4B1B54DB3400582726 = {
			isa = PBXGroup;
			children = (
				F13A9B561B54DB3400582726 /* smule-2d-tableview */,
				F13A9B701B54DB3500582726 /* smule-2d-tableviewTests */,
				F13A9B551B54DB3400582726 /* Products */,
			);
			sourceTree = "<group>";
		};
		F13A9B551B54DB3400582726 /* Products */ = {
			isa = PBXGroup;
			children = (
				F13A9B541B54DB3400582726 /* smule-2d-tableview.app */,
				F13A9B6D1B54DB3500582726 /* smule-2d-tableviewTests.xctest */,
			);
			name = Products;
			sourceTree = "<group>";
		};
		F13A9B561B54DB3400582726 /* smule-2d-tableview */ = {
			isa = PBXGroup;
			children = (
				F13A9B5B1B54DB3400582726 /* AppDelegate.h */,
				F13A9B5C1B54DB3400582726 /* AppDelegate.m */,
				F13A9B7D1B54DB8F00582726 /* TwoDTableView.h */,
				F13A9B7E1B54DB8F00582726 /* TwoDTableView.m */,
				F13A9B611B54DB3400582726 /* Main.storyboard */,
				F13A9B641B54DB3500582726 /* Images.xcassets */,
				F13A9B661B54DB3500582726 /* LaunchScreen.xib */,
				F13A9B571B54DB3400582726 /* Supporting Files */,
			);
			path = "smule-2d-tableview";
			sourceTree = "<group>";
		};
		F13A9B571B54DB3400582726 /* Supporting Files */ = {
			isa = PBXGroup;
			children = (
				F13A9B581B54DB3400582726 /* Info.plist */,
				F13A9B591B54DB3400582726 /* main.m */,
			);
			name = "Supporting Files";
			sourceTree = "<group>";
		};
		F13A9B701B54DB3500582726 /* smule-2d-tableviewTests */ = {
			isa = PBXGroup;
			children = (
				F13A9B731B54DB3500582726 /* smule_2d_tableviewTests.m */,
				F13A9B711B54DB3500582726 /* Supporting Files */,
			);
			path = "smule-2d-tableviewTests";
			sourceTree = "<group>";
		};
		F13A9B711B54DB3500582726 /* Supporting Files */ = {
			isa = PBXGroup;
			children = (
				F13A9B721B54DB3500582726 /* Info.plist */,
			);
			name = "Supporting Files";
			sourceTree = "<group>";
		};
/* End PBXGroup section */

/* Begin PBXNativeTarget section */
		F13A9B531B54DB3400582726 /* smule-2d-tableview */ = {
			isa = PBXNativeTarget;
			buildConfigurationList = F13A9B771B54DB3500582726 /* Build configuration list for PBXNativeTarget "smule-2d-tableview" */;
			buildPhases = (
				F13A9B501B54DB3400582726 /* Sources */,
				F13A9B511B54DB3400582726 /* Frameworks */,
				F13A9B521B54DB3400582726 /* Resources */,
			);
			buildRules = (
			);
			dependencies = (
			);
			name = "smule-2d-tableview";
			productName = "smule-2d-tableview";
			productReference = F13A9B541B54DB3400582726 /* smule-2d-tableview.app */;
			productType = "com.apple.product-type.application";
		};
		F13A9B6C1B54DB3500582726 /* smule-2d-tableviewTests */ = {
			isa = PBXNativeTarget;
			buildConfigurationList = F13A9B7A1B54DB3500582726 /* Build configuration list for PBXNativeTarget "smule-2d-tableviewTests" */;
			buildPhases = (
				F13A9B691B54DB3500582726 /* Sources */,
				F13A9B6A1B54DB3500582726 /* Frameworks */,
				F13A9B6B1B54DB3500582726 /* Resources */,
			);
			buildRules = (
			);
			dependencies = (
				F13A9B6F1B54DB3500582726 /* PBXTargetDependency */,
			);
			name = "smule-2d-tableviewTests";
			productName = "smule-2d-tableviewTests";
			productReference = F13A9B6D1B54DB3500582726 /* smule-2d-tableviewTests.xctest */;
			productType = "com.apple.product-type.bundle.unit-test";
		};
/* End PBXNativeTarget section */

/* Begin PBXProject section */
		F13A9B4C1B54DB3400582726 /* Project object */ = {
			isa = PBXProject;
			attributes = {
				LastUpgradeCheck = 0640;
				ORGANIZATIONNAME = nook;
				TargetAttributes = {
					F13A9B531B54DB3400582726 = {
						CreatedOnToolsVersion = 6.4;
					};
					F13A9B6C1B54DB3500582726 = {
						CreatedOnToolsVersion = 6.4;
						TestTargetID = F13A9B531B54DB3400582726;
					};
				};
			};
			buildConfigurationList = F13A9B4F1B54DB3400582726 /* Build configuration list for PBXProject "smule-2d-tableview" */;
			compatibilityVersion = "Xcode 3.2";
			developmentRegion = English;
			hasScannedForEncodings = 0;
			knownRegions = (
				en,
				Base,
			);
			mainGroup = F13A9B4B1B54DB3400582726;
			productRefGroup = F13A9B551B54DB3400582726 /* Products */;
			projectDirPath = "";
			projectRoot = "";
			targets = (
				F13A9B531B54DB3400582726 /* smule-2d-tableview */,
				F13A9B6C1B54DB3500582726 /* smule-2d-tableviewTests */,
			);
		};
/* End PBXProject section */

/* Begin PBXResourcesBuildPhase section */
		F13A9B521B54DB3400582726 /* Resources */ = {
			isa = PBXResourcesBuildPhase;
			buildActionMask = 2147483647;
			files = (
				F13A9B631B54DB3400582726 /* Main.storyboard in Resources */,
				F13A9B681B54DB3500582726 /* LaunchScreen.xib in Resources */,
				F13A9B651B54DB3500582726 /* Images.xcassets in Resources */,
			);
			runOnlyForDeploymentPostprocessing = 0;
		};
		F13A9B6B1B54DB3500582726 /* Resources */ = {
			isa = PBXResourcesBuildPhase;
			buildActionMask = 2147483647;
			files = (
			);
			runOnlyForDeploymentPostprocessing = 0;
		};
/* End PBXResourcesBuildPhase section */

/* Begin PBXSourcesBuildPhase section */
		F13A9B501B54DB3400582726 /* Sources */ = {
			isa = PBXSourcesBuildPhase;
			buildActionMask = 2147483647;
			files = (
				F13A9B5D1B54DB3400582726 /* AppDelegate.m in Sources */,
				F13A9B7F1B54DB8F00582726 /* TwoDTableView.m in Sources */,
				F13A9B5A1B54DB3400582726 /* main.m in Sources */,
			);
			runOnlyForDeploymentPostprocessing = 0;
		};
		F13A9B691B54DB3500582726 /* Sources */ = {
			isa = PBXSourcesBuildPhase;
			buildActionMask = 2147483647;
			files = (
				F13A9B741B54DB3500582726 /* smule_2d_tableviewTests.m in Sources */,
			);
			runOnlyForDeploymentPostprocessing = 0;
		};
/* End PBXSourcesBuildPhase section */

/* Begin PBXTargetDependency section */
		F13A9B6F1B54DB3500582726 /* PBXTargetDependency */ = {
			isa = PBXTargetDependency;
			target = F13A9B531B54DB3400582726 /* smule-2d-tableview */;
			targetProxy = F13A9B6E1B54DB3500582726 /* PBXContainerItemProxy */;
		};
/* End PBXTargetDependency section */

/* Begin PBXVariantGroup section */
		F13A9B611B54DB3400582726 /* Main.storyboard */ = {
			isa = PBXVariantGroup;
			children = (
				F13A9B621B54DB3400582726 /* Base */,
			);
			name = Main.storyboard;
			sourceTree = "<group>";
		};
		F13A9B661B54DB3500582726 /* LaunchScreen.xib */ = {
			isa = PBXVariantGroup;
			children = (
				F13A9B671B54DB3500582726 /* Base */,
			);
			name = LaunchScreen.xib;
			sourceTree = "<group>";
		};
/* End PBXVariantGroup section */

/* Begin XCBuildConfiguration section */
		F13A9B751B54DB3500582726 /* Debug */ = {
			isa = XCBuildConfiguration;
			buildSettings = {
				ALWAYS_SEARCH_USER_PATHS = NO;
				CLANG_CXX_LANGUAGE_STANDARD = "gnu++0x";
				CLANG_CXX_LIBRARY = "libc++";
				CLANG_ENABLE_MODULES = YES;
				CLANG_ENABLE_OBJC_ARC = YES;
				CLANG_WARN_BOOL_CONVERSION = YES;
				CLANG_WARN_CONSTANT_CONVERSION = YES;
				CLANG_WARN_DIRECT_OBJC_ISA_USAGE = YES_ERROR;
				CLANG_WARN_EMPTY_BODY = YES;
				CLANG_WARN_ENUM_CONVERSION = YES;
				CLANG_WARN_INT_CONVERSION = YES;
				CLANG_WARN_OBJC_ROOT_CLASS = YES_ERROR;
				CLANG_WARN_UNREACHABLE_CODE = YES;
				CLANG_WARN__DUPLICATE_METHOD_MATCH = YES;
				"CODE_SIGN_IDENTITY[sdk=iphoneos*]" = "iPhone Developer";
				COPY_PHASE_STRIP = NO;
				DEBUG_INFORMATION_FORMAT = "dwarf-with-dsym";
				ENABLE_STRICT_OBJC_MSGSEND = YES;
				GCC_C_LANGUAGE_STANDARD = gnu99;
				GCC_DYNAMIC_NO_PIC = NO;
				GCC_NO_COMMON_BLOCKS = YES;
				GCC_OPTIMIZATION_LEVEL = 0;
				GCC_PREPROCESSOR_DEFINITIONS = (
					"DEBUG=1",
					"$(inherited)",
				);
				GCC_SYMBOLS_PRIVATE_EXTERN = NO;
				GCC_WARN_64_TO_32_BIT_CONVERSION = YES;
				GCC_WARN_ABOUT_RETURN_TYPE = YES_ERROR;
				GCC_WARN_UNDECLARED_SELECTOR = YES;
				GCC_WARN_UNINITIALIZED_AUTOS = YES_AGGRESSIVE;
				GCC_WARN_UNUSED_FUNCTION = YES;
				GCC_WARN_UNUSED_VARIABLE = YES;
				IPHONEOS_DEPLOYMENT_TARGET = 8.4;
				MTL_ENABLE_DEBUG_INFO = YES;
				ONLY_ACTIVE_ARCH = YES;
				SDKROOT = iphoneos;
			};
			name = Debug;
		};
		F13A9B761B54DB3500582726 /* Release */ = {
			isa = XCBuildConfiguration;
			buildSettings = {
				ALWAYS_SEARCH_USER_PATHS = NO;
				CLANG_CXX_LANGUAGE_STANDARD = "gnu++0x";
				CLANG_CXX_LIBRARY = "libc++";
				CLANG_ENABLE_MODULES = YES;
				CLANG_ENABLE_OBJC_ARC = YES;
				CLANG_WARN_BOOL_CONVERSION = YES;
				CLANG_WARN_CONSTANT_CONVERSION = YES;
				CLANG_WARN_DIRECT_OBJC_ISA_USAGE = YES_ERROR;
				CLANG_WARN_EMPTY_BODY = YES;
				CLANG_WARN_ENUM_CONVERSION = YES;
				CLANG_WARN_INT_CONVERSION = YES;
				CLANG_WARN_OBJC_ROOT_CLASS = YES_ERROR;
				CLANG_WARN_UNREACHABLE_CODE = YES;
				CLANG_WARN__DUPLICATE_METHOD_MATCH = YES;
				"CODE_SIGN_IDENTITY[sdk=iphoneos*]" = "iPhone Developer";
				COPY_PHASE_STRIP = NO;
				DEBUG_INFORMATION_FORMAT = "dwarf-with-dsym";
				ENABLE_NS_ASSERTIONS = NO;
				ENABLE_STRICT_OBJC_MSGSEND = YES;
				GCC_C_LANGUAGE_STANDARD = gnu99;
				GCC_NO_COMMON_BLOCKS = YES;
				GCC_WARN_64_TO_32_BIT_CONVERSION = YES;
				GCC_WARN_ABOUT_RETURN_TYPE = YES_ERROR;
				GCC_WARN_UNDECLARED_SELECTOR = YES;
				GCC_WARN_UNINITIALIZED_AUTOS = YES_AGGRESSIVE;
				GCC_WARN_UNUSED_FUNCTION = YES;
				GCC_WARN_UNUSED_VARIABLE = YES;
				IPHONEOS_DEPLOYMENT_TARGET = 8.4;
				MTL_ENABLE_DEBUG_INFO = NO;
				SDKROOT = iphoneos;
				VALIDATE_PRODUCT = YES;
			};
			name = Release;
		};
		F13A9B781B54DB3500582726 /* Debug */ = {
			isa = XCBuildConfiguration;
			buildSettings = {
				ASSETCATALOG_COMPILER_APPICON_NAME = AppIcon;
				INFOPLIST_FILE = "smule-2d-tableview/Info.plist";
				LD_RUNPATH_SEARCH_PATHS = "$(inherited) @executable_path/Frameworks";
				PRODUCT_NAME = "$(TARGET_NAME)";
			};
			name = Debug;
		};
		F13A9B791B54DB3500582726 /* Release */ = {
			isa = XCBuildConfiguration;
			buildSettings = {
				ASSETCATALOG_COMPILER_APPICON_NAME = AppIcon;
				INFOPLIST_FILE = "smule-2d-tableview/Info.plist";
				LD_RUNPATH_SEARCH_PATHS = "$(inherited) @executable_path/Frameworks";
				PRODUCT_NAME = "$(TARGET_NAME)";
			};
			name = Release;
		};
		F13A9B7B1B54DB3500582726 /* Debug */ = {
			isa = XCBuildConfiguration;
			buildSettings = {
				BUNDLE_LOADER = "$(TEST_HOST)";
				FRAMEWORK_SEARCH_PATHS = (
					"$(SDKROOT)/Developer/Library/Frameworks",
					"$(inherited)",
				);
				GCC_PREPROCESSOR_DEFINITIONS = (
					"DEBUG=1",
					"$(inherited)",
				);
				INFOPLIST_FILE = "smule-2d-tableviewTests/Info.plist";
				LD_RUNPATH_SEARCH_PATHS = "$(inherited) @executable_path/Frameworks @loader_path/Frameworks";
				PRODUCT_NAME = "$(TARGET_NAME)";
				TEST_HOST = "$(BUILT_PRODUCTS_DIR)/smule-2d-tableview.app/smule-2d-tableview";
			};
			name = Debug;
		};
		F13A9B7C1B54DB3500582726 /* Release */ = {
			isa = XCBuildConfiguration;
			buildSettings = {
				BUNDLE_LOADER = "$(TEST_HOST)";
				FRAMEWORK_SEARCH_PATHS = (
					"$(SDKROOT)/Developer/Library/Frameworks",
					"$(inherited)",
				);
				INFOPLIST_FILE = "smule-2d-tableviewTests/Info.plist";
				LD_RUNPATH_SEARCH_PATHS = "$(inherited) @executable_path/Frameworks @loader_path/Frameworks";
				PRODUCT_NAME = "$(TARGET_NAME)";
				TEST_HOST = "$(BUILT_PRODUCTS_DIR)/smule-2d-tableview.app/smule-2d-tableview";
			};
			name = Release;
		};
/* End XCBuildConfiguration section */

/* Begin XCConfigurationList section */
		F13A9B4F1B54DB3400582726 /* Build configuration list for PBXProject "smule-2d-tableview" */ = {
			isa = XCConfigurationList;
			buildConfigurations = (
				F13A9B751B54DB3500582726 /* Debug */,
				F13A9B761B54DB3500582726 /* Release */,
			);
			defaultConfigurationIsVisible = 0;
			defaultConfigurationName = Release;
		};
		F13A9B771B54DB3500582726 /* Build configuration list for PBXNativeTarget "smule-2d-tableview" */ = {
			isa = XCConfigurationList;
			buildConfigurations = (
				F13A9B781B54DB3500582726 /* Debug */,
				F13A9B791B54DB3500582726 /* Release */,
			);
			defaultConfigurationIsVisible = 0;
		};
		F13A9B7A1B54DB3500582726 /* Build configuration list for PBXNativeTarget "smule-2d-tableviewTests" */ = {
			isa = XCConfigurationList;
			buildConfigurations = (
				F13A9B7B1B54DB3500582726 /* Debug */,
				F13A9B7C1B54DB3500582726 /* Release */,
			);
			defaultConfigurationIsVisible = 0;
		};
/* End XCConfigurationList section */
	};
	rootObject = F13A9B4C1B54DB3400582726 /* Project object */;
}
